{
  "originHash" : "2bfa4604f50e400b09562c4c34b4c82f61c22ce3abd51784fe62d1e839606400",
  "pins" : [
    {
      "identity" : "azookeykanakanjiconverter",
      "kind" : "remoteSourceControl",
      "location" : "https://github.com/vrclipboard-ime/AzooKeyKanaKanjiConverter",
      "state" : {
        "revision" : "d4e83e3cb4133c04ed87aab54f8f07c98f5f8488"
      }
    },
    {
      "identity" : "jinja",
      "kind" : "remoteSourceControl",
      "location" : "https://github.com/johnmai-dev/Jinja",
      "state" : {
        "revision" : "bbddb92fc51ae420b87300298370fd1dfc308f73",
        "version" : "1.1.1"
      }
    },
    {
      "identity" : "swift-algorithms",
      "kind" : "remoteSourceControl",
      "location" : "https://github.com/apple/swift-algorithms",
      "state" : {
        "revision" : "87e50f483c54e6efd60e885f7f5aa946cee68023",
        "version" : "1.2.1"
      }
    },
    {
      "identity" : "swift-collections",
      "kind" : "remoteSourceControl",
      "location" : "https://github.com/apple/swift-collections",
      "state" : {
        "revision" : "671108c96644956dddcd89dd59c203dcdb36cec7",
        "version" : "1.1.4"
      }
    },
    {
      "identity" : "swift-numerics",
      "kind" : "remoteSourceControl",
      "location" : "https://github.com/apple/swift-numerics.git",
      "state" : {
        "revision" : "e0ec0f5f3af6f3e4d5e7a19d2af26b481acb6ba8",
        "version" : "1.0.3"
      }
    },
    {
      "identity" : "swift-tokenizers",
      "kind" : "remoteSourceControl",
      "location" : "https://github.com/ensan-hcl/swift-tokenizers",
      "state" : {
        "branch" : "feat/minimum",
        "revision" : "407e51806c0c3354a9045f23859ed1704114e514"
      }
    },
    {
      "identity" : "swiftymarisa",
      "kind" : "remoteSourceControl",
      "location" : "https://github.com/ensan-hcl/SwiftyMarisa",
      "state" : {
        "revision" : "6e145aef5583aac96dd7ff8f9fbb9944d893128e"
      }
    }
  ],
  "version" : 3
}
